
Microsoft Visual Studio Solution File, Format Version 12.00
# Visual Studio Version 17
VisualStudioVersion = 17.11.35219.272
MinimumVisualStudioVersion = 10.0.40219.1
Project("{F2A71F9B-5D33-465A-A702-920D77279786}") = "34 CustomEquality CustomComparison", "34 CustomEquality CustomComparison.fsproj", "{CE56A301-F7CC-442E-B641-1CBDB9234FC5}"
EndProject
Global
	GlobalSection(SolutionConfigurationPlatforms) = preSolution
		Debug|Any CPU = Debug|Any CPU
		Release|Any CPU = Release|Any CPU
	EndGlobalSection
	GlobalSection(ProjectConfigurationPlatforms) = postSolution
		{CE56A301-F7CC-442E-B641-1CBDB9234FC5}.Debug|Any CPU.ActiveCfg = Debug|Any CPU
		{CE56A301-F7CC-442E-B641-1CBDB9234FC5}.Debug|Any CPU.Build.0 = Debug|Any CPU
		{CE56A301-F7CC-442E-B641-1CBDB9234FC5}.Release|Any CPU.ActiveCfg = Release|Any CPU
		{CE56A301-F7CC-442E-B641-1CBDB9234FC5}.Release|Any CPU.Build.0 = Release|Any CPU
	EndGlobalSection
	GlobalSection(SolutionProperties) = preSolution
		HideSolutionNode = FALSE
	EndGlobalSection
	GlobalSection(ExtensibilityGlobals) = postSolution
		SolutionGuid = {FA561E82-D38F-4A7B-9972-54062DD9425F}
	EndGlobalSection
EndGlobal
