
Microsoft Visual Studio Solution File, Format Version 12.00
# Visual Studio Version 17
VisualStudioVersion = 17.10.35122.118
MinimumVisualStudioVersion = 10.0.40219.1
Project("{6EC3EE1D-3C4E-46DD-8F32-0CC8E7565705}") = "25 StringReverse", "25 StringReverse.fsproj", "{7F0077E0-F016-4EEE-B541-DA657D028796}"
EndProject
Global
	GlobalSection(SolutionConfigurationPlatforms) = preSolution
		Debug|Any CPU = Debug|Any CPU
		Release|Any CPU = Release|Any CPU
	EndGlobalSection
	GlobalSection(ProjectConfigurationPlatforms) = postSolution
		{7F0077E0-F016-4EEE-B541-DA657D028796}.Debug|Any CPU.ActiveCfg = Debug|Any CPU
		{7F0077E0-F016-4EEE-B541-DA657D028796}.Debug|Any CPU.Build.0 = Debug|Any CPU
		{7F0077E0-F016-4EEE-B541-DA657D028796}.Release|Any CPU.ActiveCfg = Release|Any CPU
		{7F0077E0-F016-4EEE-B541-DA657D028796}.Release|Any CPU.Build.0 = Release|Any CPU
	EndGlobalSection
	GlobalSection(SolutionProperties) = preSolution
		HideSolutionNode = FALSE
	EndGlobalSection
	GlobalSection(ExtensibilityGlobals) = postSolution
		SolutionGuid = {E0DAC047-531A-4201-84B3-9D34407D2592}
	EndGlobalSection
EndGlobal
